
Microsoft Visual Studio Solution File, Format Version 12.00
# Visual Studio Version 17
VisualStudioVersion = 17.7.34031.279
MinimumVisualStudioVersion = 10.0.40219.1
Project("{FAE04EC0-301F-11D3-BF4B-00C04F79EFBC}") = "SmakEmpAcc", "SmakEmpAcc\SmakEmpAcc.csproj", "{FFC173F6-1298-49C9-B620-ADCC9D1C78DD}"
EndProject
Global
	GlobalSection(SolutionConfigurationPlatforms) = preSolution
		Debug|Any CPU = Debug|Any CPU
		Release|Any CPU = Release|Any CPU
	EndGlobalSection
	GlobalSection(ProjectConfigurationPlatforms) = postSolution
		{FFC173F6-1298-49C9-B620-ADCC9D1C78DD}.Debug|Any CPU.ActiveCfg = Debug|Any CPU
		{FFC173F6-1298-49C9-B620-ADCC9D1C78DD}.Debug|Any CPU.Build.0 = Debug|Any CPU
		{FFC173F6-1298-49C9-B620-ADCC9D1C78DD}.Release|Any CPU.ActiveCfg = Release|Any CPU
		{FFC173F6-1298-49C9-B620-ADCC9D1C78DD}.Release|Any CPU.Build.0 = Release|Any CPU
	EndGlobalSection
	GlobalSection(SolutionProperties) = preSolution
		HideSolutionNode = FALSE
	EndGlobalSection
	GlobalSection(ExtensibilityGlobals) = postSolution
		SolutionGuid = {47DF51BF-F89F-41A5-8A4E-2DD28797493E}
	EndGlobalSection
EndGlobal
